
Microsoft Visual Studio Solution File, Format Version 12.00
# Visual Studio 2013
VisualStudioVersion = 12.0.21005.1
MinimumVisualStudioVersion = 10.0.40219.1
Project("{FAE04EC0-301F-11D3-BF4B-00C04F79EFBC}") = "Ucas.Data", "Ucas.Data\Ucas.Data.csproj", "{0FA4221E-0A64-4A40-B9CC-112CD52D62D4}"
EndProject
Project("{FAE04EC0-301F-11D3-BF4B-00C04F79EFBC}") = "UcasProWindowsForm", "UcasProWindowsForm\UcasProWindowsForm.csproj", "{03D52F66-3C16-4E74-9D02-D73F33A722AC}"
EndProject
Global
	GlobalSection(SolutionConfigurationPlatforms) = preSolution
		Debug|Any CPU = Debug|Any CPU
		Release|Any CPU = Release|Any CPU
	EndGlobalSection
	GlobalSection(ProjectConfigurationPlatforms) = postSolution
		{0FA4221E-0A64-4A40-B9CC-112CD52D62D4}.Debug|Any CPU.ActiveCfg = Debug|Any CPU
		{0FA4221E-0A64-4A40-B9CC-112CD52D62D4}.Debug|Any CPU.Build.0 = Debug|Any CPU
		{0FA4221E-0A64-4A40-B9CC-112CD52D62D4}.Release|Any CPU.ActiveCfg = Release|Any CPU
		{0FA4221E-0A64-4A40-B9CC-112CD52D62D4}.Release|Any CPU.Build.0 = Release|Any CPU
		{03D52F66-3C16-4E74-9D02-D73F33A722AC}.Debug|Any CPU.ActiveCfg = Debug|Any CPU
		{03D52F66-3C16-4E74-9D02-D73F33A722AC}.Debug|Any CPU.Build.0 = Debug|Any CPU
		{03D52F66-3C16-4E74-9D02-D73F33A722AC}.Release|Any CPU.ActiveCfg = Release|Any CPU
		{03D52F66-3C16-4E74-9D02-D73F33A722AC}.Release|Any CPU.Build.0 = Release|Any CPU
	EndGlobalSection
	GlobalSection(SolutionProperties) = preSolution
		HideSolutionNode = FALSE
	EndGlobalSection
EndGlobal
